
Microsoft Visual Studio Solution File, Format Version 12.00
# Visual Studio Version 17
VisualStudioVersion = 17.2.32526.322
MinimumVisualStudioVersion = 10.0.40219.1
Project("{FAE04EC0-301F-11D3-BF4B-00C04F79EFBC}") = "ConsoleDocker", "ConsoleDocker\ConsoleDocker.csproj", "{1DD0EEBB-A7BA-49CB-9E9E-5B7F1B9C248C}"
EndProject
Global
	GlobalSection(SolutionConfigurationPlatforms) = preSolution
		Debug|Any CPU = Debug|Any CPU
		Release|Any CPU = Release|Any CPU
	EndGlobalSection
	GlobalSection(ProjectConfigurationPlatforms) = postSolution
		{1DD0EEBB-A7BA-49CB-9E9E-5B7F1B9C248C}.Debug|Any CPU.ActiveCfg = Debug|Any CPU
		{1DD0EEBB-A7BA-49CB-9E9E-5B7F1B9C248C}.Debug|Any CPU.Build.0 = Debug|Any CPU
		{1DD0EEBB-A7BA-49CB-9E9E-5B7F1B9C248C}.Release|Any CPU.ActiveCfg = Release|Any CPU
		{1DD0EEBB-A7BA-49CB-9E9E-5B7F1B9C248C}.Release|Any CPU.Build.0 = Release|Any CPU
	EndGlobalSection
	GlobalSection(SolutionProperties) = preSolution
		HideSolutionNode = FALSE
	EndGlobalSection
	GlobalSection(ExtensibilityGlobals) = postSolution
		SolutionGuid = {21BE575C-2146-4101-85ED-88C46951357F}
	EndGlobalSection
EndGlobal
